
Microsoft Visual Studio Solution File, Format Version 12.00
# Visual Studio Version 16
VisualStudioVersion = 16.0.31205.134
MinimumVisualStudioVersion = 10.0.40219.1
Project("{FAE04EC0-301F-11D3-BF4B-00C04F79EFBC}") = "ExerciseCRUD", "ExerciseCRUD\ExerciseCRUD.csproj", "{19C6FDA0-B6D1-4CC0-BB03-8D8BE837E962}"
EndProject
Global
	GlobalSection(SolutionConfigurationPlatforms) = preSolution
		Debug|Any CPU = Debug|Any CPU
		Release|Any CPU = Release|Any CPU
	EndGlobalSection
	GlobalSection(ProjectConfigurationPlatforms) = postSolution
		{19C6FDA0-B6D1-4CC0-BB03-8D8BE837E962}.Debug|Any CPU.ActiveCfg = Debug|Any CPU
		{19C6FDA0-B6D1-4CC0-BB03-8D8BE837E962}.Debug|Any CPU.Build.0 = Debug|Any CPU
		{19C6FDA0-B6D1-4CC0-BB03-8D8BE837E962}.Release|Any CPU.ActiveCfg = Release|Any CPU
		{19C6FDA0-B6D1-4CC0-BB03-8D8BE837E962}.Release|Any CPU.Build.0 = Release|Any CPU
	EndGlobalSection
	GlobalSection(SolutionProperties) = preSolution
		HideSolutionNode = FALSE
	EndGlobalSection
	GlobalSection(ExtensibilityGlobals) = postSolution
		SolutionGuid = {DB88A57D-819D-4203-80DC-1FCC0EC42997}
	EndGlobalSection
EndGlobal
